
Microsoft Visual Studio Solution File, Format Version 12.00
# Visual Studio Version 17
VisualStudioVersion = 17.7.34202.233
MinimumVisualStudioVersion = 10.0.40219.1
Project("{FAE04EC0-301F-11D3-BF4B-00C04F79EFBC}") = "u3 practica 4", "u3 practica 4.csproj", "{3E349CFE-A9CA-41FC-A699-2437C00B2CAE}"
EndProject
Global
	GlobalSection(SolutionConfigurationPlatforms) = preSolution
		Debug|Any CPU = Debug|Any CPU
		Release|Any CPU = Release|Any CPU
	EndGlobalSection
	GlobalSection(ProjectConfigurationPlatforms) = postSolution
		{3E349CFE-A9CA-41FC-A699-2437C00B2CAE}.Debug|Any CPU.ActiveCfg = Debug|Any CPU
		{3E349CFE-A9CA-41FC-A699-2437C00B2CAE}.Debug|Any CPU.Build.0 = Debug|Any CPU
		{3E349CFE-A9CA-41FC-A699-2437C00B2CAE}.Release|Any CPU.ActiveCfg = Release|Any CPU
		{3E349CFE-A9CA-41FC-A699-2437C00B2CAE}.Release|Any CPU.Build.0 = Release|Any CPU
	EndGlobalSection
	GlobalSection(SolutionProperties) = preSolution
		HideSolutionNode = FALSE
	EndGlobalSection
	GlobalSection(ExtensibilityGlobals) = postSolution
		SolutionGuid = {44FD4A39-9C6E-4E70-BACE-226AD9C4DA63}
	EndGlobalSection
EndGlobal
